
Microsoft Visual Studio Solution File, Format Version 12.00
# Visual Studio 15
VisualStudioVersion = 15.0.28010.2003
MinimumVisualStudioVersion = 10.0.40219.1
Project("{FAE04EC0-301F-11D3-BF4B-00C04F79EFBC}") = "ComSvcConfig", "ndp\cdf\src\WCF\Tools\comsvcutil\ComSvcConfig.csproj", "{1E3978B0-1B22-4F4A-961C-14F9380AC547}"
EndProject
Project("{FAE04EC0-301F-11D3-BF4B-00C04F79EFBC}") = "mscorlib", "ndp\clr\src\bcl\mscorlib.csproj", "{224F6F5B-C254-4B89-95CD-B690EFFA845E}"
EndProject
Project("{FAE04EC0-301F-11D3-BF4B-00C04F79EFBC}") = "PresentationBuildTasks", "wpf\src\PresentationBuildTasks.csproj", "{FE2FA318-AAB8-41BB-B423-AD44B921228D}"
EndProject
Project("{FAE04EC0-301F-11D3-BF4B-00C04F79EFBC}") = "PresentationCore", "wpf\src\PresentationCore.csproj", "{E556ED9D-6B47-4362-A6E3-EDA0139224E0}"
EndProject
Project("{FAE04EC0-301F-11D3-BF4B-00C04F79EFBC}") = "PresentationFramework", "wpf\PresentationFramework.csproj", "{426D73CA-280B-4A37-956D-0883B44F5AA9}"
EndProject
Project("{FAE04EC0-301F-11D3-BF4B-00C04F79EFBC}") = "PresentationFramework.Aero", "wpf\src\Themes\Aero\PresentationFramework.Aero.csproj", "{DF4D70B8-1243-48EB-B51F-52FA4BB85440}"
EndProject
Project("{FAE04EC0-301F-11D3-BF4B-00C04F79EFBC}") = "PresentationFramework.Classic", "wpf\src\Themes\Classic\PresentationFramework.Classic.csproj", "{3973CA91-A3B3-45C9-B269-850758C6BC7B}"
EndProject
Project("{FAE04EC0-301F-11D3-BF4B-00C04F79EFBC}") = "PresentationFramework.Luna", "wpf\src\Themes\Luna\PresentationFramework.Luna.csproj", "{9F4E2087-AF84-4240-AB74-46DDD3546ED4}"
EndProject
Project("{FAE04EC0-301F-11D3-BF4B-00C04F79EFBC}") = "PresentationFramework.Royale", "wpf\src\Themes\Royale\PresentationFramework.Royale.csproj", "{B070ACFC-BBB2-47F3-B0A1-0AF4E408B699}"
EndProject
Project("{FAE04EC0-301F-11D3-BF4B-00C04F79EFBC}") = "SMDiagnostics", "ndp\cdf\src\WCF\SMDiagnostics\SMDiagnostics.csproj", "{BE166E17-892A-4EE3-91CA-C565CB871664}"
EndProject
Project("{FAE04EC0-301F-11D3-BF4B-00C04F79EFBC}") = "SMSvcHost", "ndp\cdf\src\WCF\SMSvcHost\SMSvcHost.csproj", "{D59CC9D1-F23A-40FF-B4A3-9976E64E2D18}"
EndProject
Project("{FAE04EC0-301F-11D3-BF4B-00C04F79EFBC}") = "svcutil", "ndp\cdf\src\WCF\Tools\svcutil\svcutil.csproj", "{ABE51292-796D-4B32-B1BB-06E2791AA1B5}"
EndProject
Project("{FAE04EC0-301F-11D3-BF4B-00C04F79EFBC}") = "System", "ndp\fx\src\System.csproj", "{41970311-A2A7-4957-B118-3E82738754BB}"
EndProject
Project("{FAE04EC0-301F-11D3-BF4B-00C04F79EFBC}") = "System.Activities", "ndp\cdf\src\NetFx40\System.Activities\System.Activities.csproj", "{9029998E-F04D-4AF9-B577-CEBBE6641127}"
EndProject
Project("{FAE04EC0-301F-11D3-BF4B-00C04F79EFBC}") = "System.Activities.Core.Presentation", "ndp\cdf\src\NetFx40\Tools\System.Activities.Core.Presentation\System.Activities.Core.Presentation.csproj", "{7DCA5B65-3004-47B2-A3D1-B1579F2F7818}"
EndProject
Project("{FAE04EC0-301F-11D3-BF4B-00C04F79EFBC}") = "System.Activities.DurableInstancing", "ndp\cdf\src\NetFx40\System.Activities.DurableInstancing\System.Activities.DurableInstancing.csproj", "{26E05A68-4D86-465B-8980-37738F6CDB5C}"
EndProject
Project("{FAE04EC0-301F-11D3-BF4B-00C04F79EFBC}") = "System.Activities.Presentation", "ndp\cdf\src\NetFx40\Tools\System.Activities.Presentation.csproj", "{3C96C285-B963-476B-9CE6-6EA363918D8F}"
EndProject
Project("{FAE04EC0-301F-11D3-BF4B-00C04F79EFBC}") = "System.AddIn", "ndp\fx\src\AddIn\AddIn\System.AddIn.csproj", "{264DA6E8-EF7C-4239-8B77-EA50B082218E}"
EndProject
Project("{FAE04EC0-301F-11D3-BF4B-00C04F79EFBC}") = "System.AddIn.Contract", "ndp\fx\src\AddIn\Contract\System.AddIn.Contract.csproj", "{73EB6145-8250-43E0-9CBF-CD26437C0B29}"
EndProject
Project("{FAE04EC0-301F-11D3-BF4B-00C04F79EFBC}") = "System.ComponentModel.DataAnnotations", "ndp\fx\src\xsp\system\DataAnnotations\System.ComponentModel.DataAnnotations.csproj", "{9B5E900A-4B44-4962-93A8-827A95FD1B55}"
EndProject
Project("{FAE04EC0-301F-11D3-BF4B-00C04F79EFBC}") = "System.Configuration", "ndp\fx\src\Configuration\System.Configuration.csproj", "{C8ACFFC3-9A67-4B99-B153-3456D8D6A9E2}"
EndProject
Project("{FAE04EC0-301F-11D3-BF4B-00C04F79EFBC}") = "System.Core", "ndp\fx\src\Core\System.Core.csproj", "{8237366E-C580-4EDF-9FBC-6BC04DD169C7}"
EndProject
Project("{FAE04EC0-301F-11D3-BF4B-00C04F79EFBC}") = "System.Data", "ndp\fx\src\data\System.Data.csproj", "{43A395D8-B07E-4166-A2EC-54449A6112AA}"
EndProject
Project("{FAE04EC0-301F-11D3-BF4B-00C04F79EFBC}") = "System.Data.DataSetExtensions", "ndp\fx\src\DataSet\System.Data.DataSetExtensions.csproj", "{156E8525-7F9F-4EC2-B179-08647469D444}"
EndProject
Project("{FAE04EC0-301F-11D3-BF4B-00C04F79EFBC}") = "System.Data.Entity", "ndp\fx\src\DataEntity\System.Data.Entity.csproj", "{9105A4B3-FDEC-4E1B-BBA5-EF590DFF9680}"
EndProject
Project("{FAE04EC0-301F-11D3-BF4B-00C04F79EFBC}") = "System.Data.Entity.Design", "ndp\fx\src\DataEntityDesign\Design\System.Data.Entity.Design.csproj", "{3EFCA51F-0962-4E69-AFCD-4EC700680149}"
EndProject
Project("{FAE04EC0-301F-11D3-BF4B-00C04F79EFBC}") = "System.Data.Linq", "ndp\fx\src\DLinq\Dlinq\System.Data.Linq.csproj", "{3D074B95-BC6F-466D-B245-8B26D2756CED}"
EndProject
Project("{FAE04EC0-301F-11D3-BF4B-00C04F79EFBC}") = "System.Data.Services", "ndp\fx\src\DataWeb\Server\System.Data.Services.csproj", "{53C02303-E4C8-4F64-9496-D6AD63A81580}"
EndProject
Project("{FAE04EC0-301F-11D3-BF4B-00C04F79EFBC}") = "System.Data.Services.Client", "ndp\fx\src\DataWeb\Client\System.Data.Services.Client.csproj", "{4B1674A0-AACF-4314-BAE2-87A5452BFBD6}"
EndProject
Project("{FAE04EC0-301F-11D3-BF4B-00C04F79EFBC}") = "System.Data.Services.Design", "ndp\fx\src\DataWeb\Design\System.Data.Services.Design.csproj", "{B7504BB7-3B35-4273-BEDD-EA8C06A93346}"
EndProject
Project("{FAE04EC0-301F-11D3-BF4B-00C04F79EFBC}") = "System.Data.SqlXml", "ndp\fx\src\XmlUtils\System.Data.SqlXml.csproj", "{B1CA46ED-070A-43D4-9DDD-D75AE84F30B3}"
EndProject
Project("{FAE04EC0-301F-11D3-BF4B-00C04F79EFBC}") = "System.Drawing", "ndp\fx\src\System.Drawing.csproj", "{25F1569B-F36D-466E-8854-89F1B79CD829}"
EndProject
Project("{FAE04EC0-301F-11D3-BF4B-00C04F79EFBC}") = "System.IdentityModel", "ndp\cdf\src\WCF\IdentityModel\System.IdentityModel.csproj", "{FF7C0811-5BA7-41C1-BC01-1ECAA814CBCA}"
EndProject
Project("{FAE04EC0-301F-11D3-BF4B-00C04F79EFBC}") = "System.IdentityModel.Selectors", "ndp\cdf\src\WCF\System.IdentityModel.Selectors.csproj", "{63405ECB-2451-4C37-B5FC-FD088CD8C909}"
EndProject
Project("{FAE04EC0-301F-11D3-BF4B-00C04F79EFBC}") = "System.IO.Log", "ndp\cdf\src\NetFx35\System.IO.Log\System.IO.Log.csproj", "{D9B132FC-253C-4C62-98B5-ADDBD816B590}"
EndProject
Project("{FAE04EC0-301F-11D3-BF4B-00C04F79EFBC}") = "System.Management", "ndp\fx\src\wmi\managed\System\Management\System.Management.csproj", "{1CE40DCE-0101-42CF-82E0-69D3B2192C6C}"
EndProject
Project("{FAE04EC0-301F-11D3-BF4B-00C04F79EFBC}") = "System.Messaging", "ndp\cdf\src\NetFx20\System.Messaging\System.Messaging.csproj", "{C5804AED-F511-4A5D-8BD5-3F842A942360}"
EndProject
Project("{FAE04EC0-301F-11D3-BF4B-00C04F79EFBC}") = "System.Net", "ndp\fx\src\SystemNet\System.Net.csproj", "{ED079401-0054-482C-A001-82AA365965D7}"
EndProject
Project("{FAE04EC0-301F-11D3-BF4B-00C04F79EFBC}") = "System.Numerics", "ndp\fx\src\Numerics\System.Numerics.csproj", "{133748DD-0B3C-4405-BE9D-72D73A500D8D}"
EndProject
Project("{FAE04EC0-301F-11D3-BF4B-00C04F79EFBC}") = "System.Runtime.Caching", "ndp\fx\src\Caching\System.Runtime.Caching.csproj", "{5D4AF018-9839-4EA2-BC89-64EBE086CAB6}"
EndProject
Project("{FAE04EC0-301F-11D3-BF4B-00C04F79EFBC}") = "System.Runtime.DurableInstancing", "ndp\cdf\src\NetFx40\System.Runtime.DurableInstancing\System.Runtime.DurableInstancing.csproj", "{80CB11EB-B358-4488-A069-874EA79BCC3E}"
EndProject
Project("{FAE04EC0-301F-11D3-BF4B-00C04F79EFBC}") = "System.Runtime.Remoting", "ndp\clr\src\managedlibraries\remoting\System.Runtime.Remoting.csproj", "{23B8549B-9507-47A0-A621-2EFA88EA82F3}"
EndProject
Project("{FAE04EC0-301F-11D3-BF4B-00C04F79EFBC}") = "System.Runtime.Serialization", "ndp\cdf\src\WCF\Serialization\System.Runtime.Serialization.csproj", "{37EB1EEB-513B-4952-B776-FDB6CD704C5F}"
EndProject
Project("{FAE04EC0-301F-11D3-BF4B-00C04F79EFBC}") = "System.Security", "ndp\clr\src\managedlibraries\security\System.Security.csproj", "{FBC0D97A-D604-4806-AA26-4FB7C017F571}"
EndProject
Project("{FAE04EC0-301F-11D3-BF4B-00C04F79EFBC}") = "System.ServiceModel", "ndp\cdf\src\WCF\ServiceModel\System.ServiceModel.csproj", "{19535C41-9D6D-4C1B-A0EA-8A7B9CA448CB}"
EndProject
Project("{FAE04EC0-301F-11D3-BF4B-00C04F79EFBC}") = "System.ServiceModel.Activation", "ndp\cdf\src\WCF\System.ServiceModel.Activation\System.ServiceModel.Activation.csproj", "{F582A38A-6F04-448D-93A2-9B12FB864CD8}"
EndProject
Project("{FAE04EC0-301F-11D3-BF4B-00C04F79EFBC}") = "System.ServiceModel.Activities", "ndp\cdf\src\NetFx40\System.ServiceModel.Activities\System.ServiceModel.Activities.csproj", "{2511710F-4DF7-4F2A-AA1C-3096BE7C8FB1}"
EndProject
Project("{FAE04EC0-301F-11D3-BF4B-00C04F79EFBC}") = "System.ServiceModel.Channels", "ndp\cdf\src\NetFx40\System.ServiceModel.Channels\System.ServiceModel.Channels.csproj", "{48B59B31-79A9-4DB2-B85E-ECF8FFD25810}"
EndProject
Project("{FAE04EC0-301F-11D3-BF4B-00C04F79EFBC}") = "System.ServiceModel.Discovery", "ndp\cdf\src\NetFx40\System.ServiceModel.Discovery\System.ServiceModel.Discovery.csproj", "{C5412137-EAD1-4D5C-821E-BAF6215192BA}"
EndProject
Project("{FAE04EC0-301F-11D3-BF4B-00C04F79EFBC}") = "System.ServiceModel.Internals", "ndp\cdf\src\System.ServiceModel.Internals\System.ServiceModel.Internals.csproj", "{CA19E220-5FEB-4181-80FF-D13FDD049BFA}"
EndProject
Project("{FAE04EC0-301F-11D3-BF4B-00C04F79EFBC}") = "System.ServiceModel.Routing", "ndp\cdf\src\NetFx40\System.ServiceModel.Routing\System.ServiceModel.Routing.csproj", "{BD633C70-3555-463D-9AE7-88C7B59D155A}"
EndProject
Project("{FAE04EC0-301F-11D3-BF4B-00C04F79EFBC}") = "System.ServiceModel.WasHosting", "ndp\cdf\src\WCF\WasHosting\System.ServiceModel.WasHosting.csproj", "{CBE97B71-2480-40D1-B67C-63E25A7FDABA}"
EndProject
Project("{FAE04EC0-301F-11D3-BF4B-00C04F79EFBC}") = "System.ServiceModel.Web", "ndp\cdf\src\NetFx35\System.ServiceModel.Web\System.ServiceModel.Web.csproj", "{3C57DE76-5EBA-49D0-B82C-AC2E11C03821}"
EndProject
Project("{FAE04EC0-301F-11D3-BF4B-00C04F79EFBC}") = "System.Transactions", "ndp\cdf\src\NetFx20\System.Transactions\System.Transactions.csproj", "{3B5BED98-862F-47AA-B3C7-F3B8879A3D07}"
EndProject
Project("{FAE04EC0-301F-11D3-BF4B-00C04F79EFBC}") = "System.Web", "ndp\fx\src\xsp\system\Web\System.Web.csproj", "{6A36D565-8A5F-41FA-8245-4A49DFC23278}"
EndProject
Project("{FAE04EC0-301F-11D3-BF4B-00C04F79EFBC}") = "System.Web.ApplicationServices", "ndp\fx\src\xsp\system\ApplicationServices\System.Web.ApplicationServices.csproj", "{7190CC4F-BE3D-478B-9F1C-8F0F7666BFF6}"
EndProject
Project("{FAE04EC0-301F-11D3-BF4B-00C04F79EFBC}") = "System.Web.DynamicData", "ndp\fx\src\xsp\system\DynamicData\System.Web.DynamicData.csproj", "{AF99FE75-25B5-4870-978D-FB46B77684B2}"
EndProject
Project("{FAE04EC0-301F-11D3-BF4B-00C04F79EFBC}") = "System.Web.Entity", "ndp\fx\src\DataWebControls\System.Web.Entity.csproj", "{91FFB6F3-B8CF-4E15-ADE7-28F76D98BB60}"
EndProject
Project("{FAE04EC0-301F-11D3-BF4B-00C04F79EFBC}") = "System.Web.Entity.Design", "ndp\fx\src\DataWebControlsDesign\System.Web.Entity.Design.csproj", "{C908081E-98FE-4A9C-80F0-248827523985}"
EndProject
Project("{FAE04EC0-301F-11D3-BF4B-00C04F79EFBC}") = "System.Web.Extensions", "ndp\fx\src\xsp\system\Extensions\System.Web.Extensions.csproj", "{C37E5A1E-64EF-463E-B903-09AF6C049D62}"
EndProject
Project("{FAE04EC0-301F-11D3-BF4B-00C04F79EFBC}") = "System.Web.Mobile", "ndp\fx\src\mit\System\Web\System.Web.Mobile.csproj", "{FC6988CF-0722-470D-B3B6-2D0FC861A2A6}"
EndProject
Project("{FAE04EC0-301F-11D3-BF4B-00C04F79EFBC}") = "System.Web.Services", "ndp\cdf\src\NetFx20\System.Web.Services\System.Web.Services.csproj", "{D475F02B-F7E2-467F-9553-E1AE2B0A7BAB}"
EndProject
Project("{FAE04EC0-301F-11D3-BF4B-00C04F79EFBC}") = "System.Windows.Forms", "ndp\fx\src\System.Windows.Forms.csproj", "{09E79805-E450-4D79-96D0-F9E426C6652E}"
EndProject
Project("{FAE04EC0-301F-11D3-BF4B-00C04F79EFBC}") = "System.Workflow.Activities", "ndp\cdf\src\WF\Activities\System.Workflow.Activities.csproj", "{60476839-64B9-45BA-8B08-48E49371AC28}"
EndProject
Project("{FAE04EC0-301F-11D3-BF4B-00C04F79EFBC}") = "System.Workflow.ComponentModel", "ndp\cdf\src\WF\Common\System.Workflow.ComponentModel.csproj", "{4E1031A7-7044-40CB-B258-09A6EEDC6188}"
EndProject
Project("{FAE04EC0-301F-11D3-BF4B-00C04F79EFBC}") = "System.Workflow.Runtime", "ndp\cdf\src\WF\RunTime\System.Workflow.Runtime.csproj", "{13E25A43-85AE-4461-BCE5-D4864E881E02}"
EndProject
Project("{FAE04EC0-301F-11D3-BF4B-00C04F79EFBC}") = "System.WorkflowServices", "ndp\cdf\src\NetFx35\System.WorkflowServices\System.WorkflowServices.csproj", "{EF4753F0-068F-4F2B-A734-093D8ACA2D06}"
EndProject
Project("{FAE04EC0-301F-11D3-BF4B-00C04F79EFBC}") = "System.Xaml.Hosting", "ndp\cdf\src\NetFx40\System.Xaml.Hosting\System.Xaml.Hosting.csproj", "{A3C11864-E1E9-41A5-A5DC-B87AF0076C7D}"
EndProject
Project("{FAE04EC0-301F-11D3-BF4B-00C04F79EFBC}") = "System.Xml", "ndp\fx\src\Xml\System.Xml.csproj", "{E8F114A4-6EE9-49AE-9129-C5D7579EB5E9}"
EndProject
Project("{FAE04EC0-301F-11D3-BF4B-00C04F79EFBC}") = "System.Xml.Linq", "ndp\fx\src\XLinq\System.Xml.Linq.csproj", "{B2264E1E-916E-43CF-9880-7FBC48493EE4}"
EndProject
Project("{FAE04EC0-301F-11D3-BF4B-00C04F79EFBC}") = "UIAutomationClient", "wpf\src\UIAutomation\UIAutomationClient\UIAutomationClient.csproj", "{0EC13705-827C-45C4-9226-0D02404F1E01}"
EndProject
Project("{FAE04EC0-301F-11D3-BF4B-00C04F79EFBC}") = "UIAutomationClientsideProviders", "wpf\src\UIAutomation\Win32Providers\UIAutomationClientsideProviders.csproj", "{CEE39CAF-92E4-49F7-B024-74B3589340AC}"
EndProject
Project("{FAE04EC0-301F-11D3-BF4B-00C04F79EFBC}") = "WindowsBase", "wpf\src\WindowsBase.csproj", "{BAAC4C8E-F013-46B8-886C-06283B8F8005}"
EndProject
Project("{FAE04EC0-301F-11D3-BF4B-00C04F79EFBC}") = "WsatConfig", "ndp\cdf\src\WCF\Tools\WsatConfig\WsatConfig.csproj", "{97DA7DAF-1DF6-40B4-B5A9-4157FD46A9A6}"
EndProject
Project("{FAE04EC0-301F-11D3-BF4B-00C04F79EFBC}") = "WsatUI", "ndp\cdf\src\WCF\Tools\WsatConfig\WsatUI.csproj", "{89581F96-1F3A-4C98-90A0-3A0A97A1A028}"
EndProject
Project("{FAE04EC0-301F-11D3-BF4B-00C04F79EFBC}") = "XamlBuildTask", "ndp\cdf\src\NetFx40\XamlBuildTask\XamlBuildTask.csproj", "{49494F6F-055D-4BBE-954B-EC5AC79AF8F9}"
EndProject
Project("{FAE04EC0-301F-11D3-BF4B-00C04F79EFBC}") = "LearnSource", "LearnSource\LearnSource.csproj", "{90F72FE9-6B38-4A69-BF1E-9152FF62AA40}"
EndProject
Global
	GlobalSection(SolutionConfigurationPlatforms) = preSolution
		Debug|Any CPU = Debug|Any CPU
		Release|Any CPU = Release|Any CPU
	EndGlobalSection
	GlobalSection(ProjectConfigurationPlatforms) = postSolution
		{1E3978B0-1B22-4F4A-961C-14F9380AC547}.Debug|Any CPU.ActiveCfg = Debug|Any CPU
		{1E3978B0-1B22-4F4A-961C-14F9380AC547}.Debug|Any CPU.Build.0 = Debug|Any CPU
		{1E3978B0-1B22-4F4A-961C-14F9380AC547}.Release|Any CPU.ActiveCfg = Release|Any CPU
		{1E3978B0-1B22-4F4A-961C-14F9380AC547}.Release|Any CPU.Build.0 = Release|Any CPU
		{224F6F5B-C254-4B89-95CD-B690EFFA845E}.Debug|Any CPU.ActiveCfg = Debug|Any CPU
		{224F6F5B-C254-4B89-95CD-B690EFFA845E}.Debug|Any CPU.Build.0 = Debug|Any CPU
		{224F6F5B-C254-4B89-95CD-B690EFFA845E}.Release|Any CPU.ActiveCfg = Release|Any CPU
		{224F6F5B-C254-4B89-95CD-B690EFFA845E}.Release|Any CPU.Build.0 = Release|Any CPU
		{FE2FA318-AAB8-41BB-B423-AD44B921228D}.Debug|Any CPU.ActiveCfg = Debug|Any CPU
		{FE2FA318-AAB8-41BB-B423-AD44B921228D}.Debug|Any CPU.Build.0 = Debug|Any CPU
		{FE2FA318-AAB8-41BB-B423-AD44B921228D}.Release|Any CPU.ActiveCfg = Release|Any CPU
		{FE2FA318-AAB8-41BB-B423-AD44B921228D}.Release|Any CPU.Build.0 = Release|Any CPU
		{E556ED9D-6B47-4362-A6E3-EDA0139224E0}.Debug|Any CPU.ActiveCfg = Debug|Any CPU
		{E556ED9D-6B47-4362-A6E3-EDA0139224E0}.Debug|Any CPU.Build.0 = Debug|Any CPU
		{E556ED9D-6B47-4362-A6E3-EDA0139224E0}.Release|Any CPU.ActiveCfg = Release|Any CPU
		{E556ED9D-6B47-4362-A6E3-EDA0139224E0}.Release|Any CPU.Build.0 = Release|Any CPU
		{426D73CA-280B-4A37-956D-0883B44F5AA9}.Debug|Any CPU.ActiveCfg = Debug|Any CPU
		{426D73CA-280B-4A37-956D-0883B44F5AA9}.Debug|Any CPU.Build.0 = Debug|Any CPU
		{426D73CA-280B-4A37-956D-0883B44F5AA9}.Release|Any CPU.ActiveCfg = Release|Any CPU
		{426D73CA-280B-4A37-956D-0883B44F5AA9}.Release|Any CPU.Build.0 = Release|Any CPU
		{DF4D70B8-1243-48EB-B51F-52FA4BB85440}.Debug|Any CPU.ActiveCfg = Debug|Any CPU
		{DF4D70B8-1243-48EB-B51F-52FA4BB85440}.Debug|Any CPU.Build.0 = Debug|Any CPU
		{DF4D70B8-1243-48EB-B51F-52FA4BB85440}.Release|Any CPU.ActiveCfg = Release|Any CPU
		{DF4D70B8-1243-48EB-B51F-52FA4BB85440}.Release|Any CPU.Build.0 = Release|Any CPU
		{3973CA91-A3B3-45C9-B269-850758C6BC7B}.Debug|Any CPU.ActiveCfg = Debug|Any CPU
		{3973CA91-A3B3-45C9-B269-850758C6BC7B}.Debug|Any CPU.Build.0 = Debug|Any CPU
		{3973CA91-A3B3-45C9-B269-850758C6BC7B}.Release|Any CPU.ActiveCfg = Release|Any CPU
		{3973CA91-A3B3-45C9-B269-850758C6BC7B}.Release|Any CPU.Build.0 = Release|Any CPU
		{9F4E2087-AF84-4240-AB74-46DDD3546ED4}.Debug|Any CPU.ActiveCfg = Debug|Any CPU
		{9F4E2087-AF84-4240-AB74-46DDD3546ED4}.Debug|Any CPU.Build.0 = Debug|Any CPU
		{9F4E2087-AF84-4240-AB74-46DDD3546ED4}.Release|Any CPU.ActiveCfg = Release|Any CPU
		{9F4E2087-AF84-4240-AB74-46DDD3546ED4}.Release|Any CPU.Build.0 = Release|Any CPU
		{B070ACFC-BBB2-47F3-B0A1-0AF4E408B699}.Debug|Any CPU.ActiveCfg = Debug|Any CPU
		{B070ACFC-BBB2-47F3-B0A1-0AF4E408B699}.Debug|Any CPU.Build.0 = Debug|Any CPU
		{B070ACFC-BBB2-47F3-B0A1-0AF4E408B699}.Release|Any CPU.ActiveCfg = Release|Any CPU
		{B070ACFC-BBB2-47F3-B0A1-0AF4E408B699}.Release|Any CPU.Build.0 = Release|Any CPU
		{BE166E17-892A-4EE3-91CA-C565CB871664}.Debug|Any CPU.ActiveCfg = Debug|Any CPU
		{BE166E17-892A-4EE3-91CA-C565CB871664}.Debug|Any CPU.Build.0 = Debug|Any CPU
		{BE166E17-892A-4EE3-91CA-C565CB871664}.Release|Any CPU.ActiveCfg = Release|Any CPU
		{BE166E17-892A-4EE3-91CA-C565CB871664}.Release|Any CPU.Build.0 = Release|Any CPU
		{D59CC9D1-F23A-40FF-B4A3-9976E64E2D18}.Debug|Any CPU.ActiveCfg = Debug|Any CPU
		{D59CC9D1-F23A-40FF-B4A3-9976E64E2D18}.Debug|Any CPU.Build.0 = Debug|Any CPU
		{D59CC9D1-F23A-40FF-B4A3-9976E64E2D18}.Release|Any CPU.ActiveCfg = Release|Any CPU
		{D59CC9D1-F23A-40FF-B4A3-9976E64E2D18}.Release|Any CPU.Build.0 = Release|Any CPU
		{ABE51292-796D-4B32-B1BB-06E2791AA1B5}.Debug|Any CPU.ActiveCfg = Debug|Any CPU
		{ABE51292-796D-4B32-B1BB-06E2791AA1B5}.Debug|Any CPU.Build.0 = Debug|Any CPU
		{ABE51292-796D-4B32-B1BB-06E2791AA1B5}.Release|Any CPU.ActiveCfg = Release|Any CPU
		{ABE51292-796D-4B32-B1BB-06E2791AA1B5}.Release|Any CPU.Build.0 = Release|Any CPU
		{41970311-A2A7-4957-B118-3E82738754BB}.Debug|Any CPU.ActiveCfg = Debug|Any CPU
		{41970311-A2A7-4957-B118-3E82738754BB}.Debug|Any CPU.Build.0 = Debug|Any CPU
		{41970311-A2A7-4957-B118-3E82738754BB}.Release|Any CPU.ActiveCfg = Release|Any CPU
		{41970311-A2A7-4957-B118-3E82738754BB}.Release|Any CPU.Build.0 = Release|Any CPU
		{9029998E-F04D-4AF9-B577-CEBBE6641127}.Debug|Any CPU.ActiveCfg = Debug|Any CPU
		{9029998E-F04D-4AF9-B577-CEBBE6641127}.Debug|Any CPU.Build.0 = Debug|Any CPU
		{9029998E-F04D-4AF9-B577-CEBBE6641127}.Release|Any CPU.ActiveCfg = Release|Any CPU
		{9029998E-F04D-4AF9-B577-CEBBE6641127}.Release|Any CPU.Build.0 = Release|Any CPU
		{7DCA5B65-3004-47B2-A3D1-B1579F2F7818}.Debug|Any CPU.ActiveCfg = Debug|Any CPU
		{7DCA5B65-3004-47B2-A3D1-B1579F2F7818}.Debug|Any CPU.Build.0 = Debug|Any CPU
		{7DCA5B65-3004-47B2-A3D1-B1579F2F7818}.Release|Any CPU.ActiveCfg = Release|Any CPU
		{7DCA5B65-3004-47B2-A3D1-B1579F2F7818}.Release|Any CPU.Build.0 = Release|Any CPU
		{26E05A68-4D86-465B-8980-37738F6CDB5C}.Debug|Any CPU.ActiveCfg = Debug|Any CPU
		{26E05A68-4D86-465B-8980-37738F6CDB5C}.Debug|Any CPU.Build.0 = Debug|Any CPU
		{26E05A68-4D86-465B-8980-37738F6CDB5C}.Release|Any CPU.ActiveCfg = Release|Any CPU
		{26E05A68-4D86-465B-8980-37738F6CDB5C}.Release|Any CPU.Build.0 = Release|Any CPU
		{3C96C285-B963-476B-9CE6-6EA363918D8F}.Debug|Any CPU.ActiveCfg = Debug|Any CPU
		{3C96C285-B963-476B-9CE6-6EA363918D8F}.Debug|Any CPU.Build.0 = Debug|Any CPU
		{3C96C285-B963-476B-9CE6-6EA363918D8F}.Release|Any CPU.ActiveCfg = Release|Any CPU
		{3C96C285-B963-476B-9CE6-6EA363918D8F}.Release|Any CPU.Build.0 = Release|Any CPU
		{264DA6E8-EF7C-4239-8B77-EA50B082218E}.Debug|Any CPU.ActiveCfg = Debug|Any CPU
		{264DA6E8-EF7C-4239-8B77-EA50B082218E}.Debug|Any CPU.Build.0 = Debug|Any CPU
		{264DA6E8-EF7C-4239-8B77-EA50B082218E}.Release|Any CPU.ActiveCfg = Release|Any CPU
		{264DA6E8-EF7C-4239-8B77-EA50B082218E}.Release|Any CPU.Build.0 = Release|Any CPU
		{73EB6145-8250-43E0-9CBF-CD26437C0B29}.Debug|Any CPU.ActiveCfg = Debug|Any CPU
		{73EB6145-8250-43E0-9CBF-CD26437C0B29}.Debug|Any CPU.Build.0 = Debug|Any CPU
		{73EB6145-8250-43E0-9CBF-CD26437C0B29}.Release|Any CPU.ActiveCfg = Release|Any CPU
		{73EB6145-8250-43E0-9CBF-CD26437C0B29}.Release|Any CPU.Build.0 = Release|Any CPU
		{9B5E900A-4B44-4962-93A8-827A95FD1B55}.Debug|Any CPU.ActiveCfg = Debug|Any CPU
		{9B5E900A-4B44-4962-93A8-827A95FD1B55}.Debug|Any CPU.Build.0 = Debug|Any CPU
		{9B5E900A-4B44-4962-93A8-827A95FD1B55}.Release|Any CPU.ActiveCfg = Release|Any CPU
		{9B5E900A-4B44-4962-93A8-827A95FD1B55}.Release|Any CPU.Build.0 = Release|Any CPU
		{C8ACFFC3-9A67-4B99-B153-3456D8D6A9E2}.Debug|Any CPU.ActiveCfg = Debug|Any CPU
		{C8ACFFC3-9A67-4B99-B153-3456D8D6A9E2}.Debug|Any CPU.Build.0 = Debug|Any CPU
		{C8ACFFC3-9A67-4B99-B153-3456D8D6A9E2}.Release|Any CPU.ActiveCfg = Release|Any CPU
		{C8ACFFC3-9A67-4B99-B153-3456D8D6A9E2}.Release|Any CPU.Build.0 = Release|Any CPU
		{8237366E-C580-4EDF-9FBC-6BC04DD169C7}.Debug|Any CPU.ActiveCfg = Debug|Any CPU
		{8237366E-C580-4EDF-9FBC-6BC04DD169C7}.Debug|Any CPU.Build.0 = Debug|Any CPU
		{8237366E-C580-4EDF-9FBC-6BC04DD169C7}.Release|Any CPU.ActiveCfg = Release|Any CPU
		{8237366E-C580-4EDF-9FBC-6BC04DD169C7}.Release|Any CPU.Build.0 = Release|Any CPU
		{43A395D8-B07E-4166-A2EC-54449A6112AA}.Debug|Any CPU.ActiveCfg = Debug|Any CPU
		{43A395D8-B07E-4166-A2EC-54449A6112AA}.Debug|Any CPU.Build.0 = Debug|Any CPU
		{43A395D8-B07E-4166-A2EC-54449A6112AA}.Release|Any CPU.ActiveCfg = Release|Any CPU
		{43A395D8-B07E-4166-A2EC-54449A6112AA}.Release|Any CPU.Build.0 = Release|Any CPU
		{156E8525-7F9F-4EC2-B179-08647469D444}.Debug|Any CPU.ActiveCfg = Debug|Any CPU
		{156E8525-7F9F-4EC2-B179-08647469D444}.Debug|Any CPU.Build.0 = Debug|Any CPU
		{156E8525-7F9F-4EC2-B179-08647469D444}.Release|Any CPU.ActiveCfg = Release|Any CPU
		{156E8525-7F9F-4EC2-B179-08647469D444}.Release|Any CPU.Build.0 = Release|Any CPU
		{9105A4B3-FDEC-4E1B-BBA5-EF590DFF9680}.Debug|Any CPU.ActiveCfg = Debug|Any CPU
		{9105A4B3-FDEC-4E1B-BBA5-EF590DFF9680}.Debug|Any CPU.Build.0 = Debug|Any CPU
		{9105A4B3-FDEC-4E1B-BBA5-EF590DFF9680}.Release|Any CPU.ActiveCfg = Release|Any CPU
		{9105A4B3-FDEC-4E1B-BBA5-EF590DFF9680}.Release|Any CPU.Build.0 = Release|Any CPU
		{3EFCA51F-0962-4E69-AFCD-4EC700680149}.Debug|Any CPU.ActiveCfg = Debug|Any CPU
		{3EFCA51F-0962-4E69-AFCD-4EC700680149}.Debug|Any CPU.Build.0 = Debug|Any CPU
		{3EFCA51F-0962-4E69-AFCD-4EC700680149}.Release|Any CPU.ActiveCfg = Release|Any CPU
		{3EFCA51F-0962-4E69-AFCD-4EC700680149}.Release|Any CPU.Build.0 = Release|Any CPU
		{3D074B95-BC6F-466D-B245-8B26D2756CED}.Debug|Any CPU.ActiveCfg = Debug|Any CPU
		{3D074B95-BC6F-466D-B245-8B26D2756CED}.Debug|Any CPU.Build.0 = Debug|Any CPU
		{3D074B95-BC6F-466D-B245-8B26D2756CED}.Release|Any CPU.ActiveCfg = Release|Any CPU
		{3D074B95-BC6F-466D-B245-8B26D2756CED}.Release|Any CPU.Build.0 = Release|Any CPU
		{53C02303-E4C8-4F64-9496-D6AD63A81580}.Debug|Any CPU.ActiveCfg = Debug|Any CPU
		{53C02303-E4C8-4F64-9496-D6AD63A81580}.Debug|Any CPU.Build.0 = Debug|Any CPU
		{53C02303-E4C8-4F64-9496-D6AD63A81580}.Release|Any CPU.ActiveCfg = Release|Any CPU
		{53C02303-E4C8-4F64-9496-D6AD63A81580}.Release|Any CPU.Build.0 = Release|Any CPU
		{4B1674A0-AACF-4314-BAE2-87A5452BFBD6}.Debug|Any CPU.ActiveCfg = Debug|Any CPU
		{4B1674A0-AACF-4314-BAE2-87A5452BFBD6}.Debug|Any CPU.Build.0 = Debug|Any CPU
		{4B1674A0-AACF-4314-BAE2-87A5452BFBD6}.Release|Any CPU.ActiveCfg = Release|Any CPU
		{4B1674A0-AACF-4314-BAE2-87A5452BFBD6}.Release|Any CPU.Build.0 = Release|Any CPU
		{B7504BB7-3B35-4273-BEDD-EA8C06A93346}.Debug|Any CPU.ActiveCfg = Debug|Any CPU
		{B7504BB7-3B35-4273-BEDD-EA8C06A93346}.Debug|Any CPU.Build.0 = Debug|Any CPU
		{B7504BB7-3B35-4273-BEDD-EA8C06A93346}.Release|Any CPU.ActiveCfg = Release|Any CPU
		{B7504BB7-3B35-4273-BEDD-EA8C06A93346}.Release|Any CPU.Build.0 = Release|Any CPU
		{B1CA46ED-070A-43D4-9DDD-D75AE84F30B3}.Debug|Any CPU.ActiveCfg = Debug|Any CPU
		{B1CA46ED-070A-43D4-9DDD-D75AE84F30B3}.Debug|Any CPU.Build.0 = Debug|Any CPU
		{B1CA46ED-070A-43D4-9DDD-D75AE84F30B3}.Release|Any CPU.ActiveCfg = Release|Any CPU
		{B1CA46ED-070A-43D4-9DDD-D75AE84F30B3}.Release|Any CPU.Build.0 = Release|Any CPU
		{25F1569B-F36D-466E-8854-89F1B79CD829}.Debug|Any CPU.ActiveCfg = Debug|Any CPU
		{25F1569B-F36D-466E-8854-89F1B79CD829}.Debug|Any CPU.Build.0 = Debug|Any CPU
		{25F1569B-F36D-466E-8854-89F1B79CD829}.Release|Any CPU.ActiveCfg = Release|Any CPU
		{25F1569B-F36D-466E-8854-89F1B79CD829}.Release|Any CPU.Build.0 = Release|Any CPU
		{FF7C0811-5BA7-41C1-BC01-1ECAA814CBCA}.Debug|Any CPU.ActiveCfg = Debug|Any CPU
		{FF7C0811-5BA7-41C1-BC01-1ECAA814CBCA}.Debug|Any CPU.Build.0 = Debug|Any CPU
		{FF7C0811-5BA7-41C1-BC01-1ECAA814CBCA}.Release|Any CPU.ActiveCfg = Release|Any CPU
		{FF7C0811-5BA7-41C1-BC01-1ECAA814CBCA}.Release|Any CPU.Build.0 = Release|Any CPU
		{63405ECB-2451-4C37-B5FC-FD088CD8C909}.Debug|Any CPU.ActiveCfg = Debug|Any CPU
		{63405ECB-2451-4C37-B5FC-FD088CD8C909}.Debug|Any CPU.Build.0 = Debug|Any CPU
		{63405ECB-2451-4C37-B5FC-FD088CD8C909}.Release|Any CPU.ActiveCfg = Release|Any CPU
		{63405ECB-2451-4C37-B5FC-FD088CD8C909}.Release|Any CPU.Build.0 = Release|Any CPU
		{D9B132FC-253C-4C62-98B5-ADDBD816B590}.Debug|Any CPU.ActiveCfg = Debug|Any CPU
		{D9B132FC-253C-4C62-98B5-ADDBD816B590}.Debug|Any CPU.Build.0 = Debug|Any CPU
		{D9B132FC-253C-4C62-98B5-ADDBD816B590}.Release|Any CPU.ActiveCfg = Release|Any CPU
		{D9B132FC-253C-4C62-98B5-ADDBD816B590}.Release|Any CPU.Build.0 = Release|Any CPU
		{1CE40DCE-0101-42CF-82E0-69D3B2192C6C}.Debug|Any CPU.ActiveCfg = Debug|Any CPU
		{1CE40DCE-0101-42CF-82E0-69D3B2192C6C}.Debug|Any CPU.Build.0 = Debug|Any CPU
		{1CE40DCE-0101-42CF-82E0-69D3B2192C6C}.Release|Any CPU.ActiveCfg = Release|Any CPU
		{1CE40DCE-0101-42CF-82E0-69D3B2192C6C}.Release|Any CPU.Build.0 = Release|Any CPU
		{C5804AED-F511-4A5D-8BD5-3F842A942360}.Debug|Any CPU.ActiveCfg = Debug|Any CPU
		{C5804AED-F511-4A5D-8BD5-3F842A942360}.Debug|Any CPU.Build.0 = Debug|Any CPU
		{C5804AED-F511-4A5D-8BD5-3F842A942360}.Release|Any CPU.ActiveCfg = Release|Any CPU
		{C5804AED-F511-4A5D-8BD5-3F842A942360}.Release|Any CPU.Build.0 = Release|Any CPU
		{ED079401-0054-482C-A001-82AA365965D7}.Debug|Any CPU.ActiveCfg = Debug|Any CPU
		{ED079401-0054-482C-A001-82AA365965D7}.Debug|Any CPU.Build.0 = Debug|Any CPU
		{ED079401-0054-482C-A001-82AA365965D7}.Release|Any CPU.ActiveCfg = Release|Any CPU
		{ED079401-0054-482C-A001-82AA365965D7}.Release|Any CPU.Build.0 = Release|Any CPU
		{133748DD-0B3C-4405-BE9D-72D73A500D8D}.Debug|Any CPU.ActiveCfg = Debug|Any CPU
		{133748DD-0B3C-4405-BE9D-72D73A500D8D}.Debug|Any CPU.Build.0 = Debug|Any CPU
		{133748DD-0B3C-4405-BE9D-72D73A500D8D}.Release|Any CPU.ActiveCfg = Release|Any CPU
		{133748DD-0B3C-4405-BE9D-72D73A500D8D}.Release|Any CPU.Build.0 = Release|Any CPU
		{5D4AF018-9839-4EA2-BC89-64EBE086CAB6}.Debug|Any CPU.ActiveCfg = Debug|Any CPU
		{5D4AF018-9839-4EA2-BC89-64EBE086CAB6}.Debug|Any CPU.Build.0 = Debug|Any CPU
		{5D4AF018-9839-4EA2-BC89-64EBE086CAB6}.Release|Any CPU.ActiveCfg = Release|Any CPU
		{5D4AF018-9839-4EA2-BC89-64EBE086CAB6}.Release|Any CPU.Build.0 = Release|Any CPU
		{80CB11EB-B358-4488-A069-874EA79BCC3E}.Debug|Any CPU.ActiveCfg = Debug|Any CPU
		{80CB11EB-B358-4488-A069-874EA79BCC3E}.Debug|Any CPU.Build.0 = Debug|Any CPU
		{80CB11EB-B358-4488-A069-874EA79BCC3E}.Release|Any CPU.ActiveCfg = Release|Any CPU
		{80CB11EB-B358-4488-A069-874EA79BCC3E}.Release|Any CPU.Build.0 = Release|Any CPU
		{23B8549B-9507-47A0-A621-2EFA88EA82F3}.Debug|Any CPU.ActiveCfg = Debug|Any CPU
		{23B8549B-9507-47A0-A621-2EFA88EA82F3}.Debug|Any CPU.Build.0 = Debug|Any CPU
		{23B8549B-9507-47A0-A621-2EFA88EA82F3}.Release|Any CPU.ActiveCfg = Release|Any CPU
		{23B8549B-9507-47A0-A621-2EFA88EA82F3}.Release|Any CPU.Build.0 = Release|Any CPU
		{37EB1EEB-513B-4952-B776-FDB6CD704C5F}.Debug|Any CPU.ActiveCfg = Debug|Any CPU
		{37EB1EEB-513B-4952-B776-FDB6CD704C5F}.Debug|Any CPU.Build.0 = Debug|Any CPU
		{37EB1EEB-513B-4952-B776-FDB6CD704C5F}.Release|Any CPU.ActiveCfg = Release|Any CPU
		{37EB1EEB-513B-4952-B776-FDB6CD704C5F}.Release|Any CPU.Build.0 = Release|Any CPU
		{FBC0D97A-D604-4806-AA26-4FB7C017F571}.Debug|Any CPU.ActiveCfg = Debug|Any CPU
		{FBC0D97A-D604-4806-AA26-4FB7C017F571}.Debug|Any CPU.Build.0 = Debug|Any CPU
		{FBC0D97A-D604-4806-AA26-4FB7C017F571}.Release|Any CPU.ActiveCfg = Release|Any CPU
		{FBC0D97A-D604-4806-AA26-4FB7C017F571}.Release|Any CPU.Build.0 = Release|Any CPU
		{19535C41-9D6D-4C1B-A0EA-8A7B9CA448CB}.Debug|Any CPU.ActiveCfg = Debug|Any CPU
		{19535C41-9D6D-4C1B-A0EA-8A7B9CA448CB}.Debug|Any CPU.Build.0 = Debug|Any CPU
		{19535C41-9D6D-4C1B-A0EA-8A7B9CA448CB}.Release|Any CPU.ActiveCfg = Release|Any CPU
		{19535C41-9D6D-4C1B-A0EA-8A7B9CA448CB}.Release|Any CPU.Build.0 = Release|Any CPU
		{F582A38A-6F04-448D-93A2-9B12FB864CD8}.Debug|Any CPU.ActiveCfg = Debug|Any CPU
		{F582A38A-6F04-448D-93A2-9B12FB864CD8}.Debug|Any CPU.Build.0 = Debug|Any CPU
		{F582A38A-6F04-448D-93A2-9B12FB864CD8}.Release|Any CPU.ActiveCfg = Release|Any CPU
		{F582A38A-6F04-448D-93A2-9B12FB864CD8}.Release|Any CPU.Build.0 = Release|Any CPU
		{2511710F-4DF7-4F2A-AA1C-3096BE7C8FB1}.Debug|Any CPU.ActiveCfg = Debug|Any CPU
		{2511710F-4DF7-4F2A-AA1C-3096BE7C8FB1}.Debug|Any CPU.Build.0 = Debug|Any CPU
		{2511710F-4DF7-4F2A-AA1C-3096BE7C8FB1}.Release|Any CPU.ActiveCfg = Release|Any CPU
		{2511710F-4DF7-4F2A-AA1C-3096BE7C8FB1}.Release|Any CPU.Build.0 = Release|Any CPU
		{48B59B31-79A9-4DB2-B85E-ECF8FFD25810}.Debug|Any CPU.ActiveCfg = Debug|Any CPU
		{48B59B31-79A9-4DB2-B85E-ECF8FFD25810}.Debug|Any CPU.Build.0 = Debug|Any CPU
		{48B59B31-79A9-4DB2-B85E-ECF8FFD25810}.Release|Any CPU.ActiveCfg = Release|Any CPU
		{48B59B31-79A9-4DB2-B85E-ECF8FFD25810}.Release|Any CPU.Build.0 = Release|Any CPU
		{C5412137-EAD1-4D5C-821E-BAF6215192BA}.Debug|Any CPU.ActiveCfg = Debug|Any CPU
		{C5412137-EAD1-4D5C-821E-BAF6215192BA}.Debug|Any CPU.Build.0 = Debug|Any CPU
		{C5412137-EAD1-4D5C-821E-BAF6215192BA}.Release|Any CPU.ActiveCfg = Release|Any CPU
		{C5412137-EAD1-4D5C-821E-BAF6215192BA}.Release|Any CPU.Build.0 = Release|Any CPU
		{CA19E220-5FEB-4181-80FF-D13FDD049BFA}.Debug|Any CPU.ActiveCfg = Debug|Any CPU
		{CA19E220-5FEB-4181-80FF-D13FDD049BFA}.Debug|Any CPU.Build.0 = Debug|Any CPU
		{CA19E220-5FEB-4181-80FF-D13FDD049BFA}.Release|Any CPU.ActiveCfg = Release|Any CPU
		{CA19E220-5FEB-4181-80FF-D13FDD049BFA}.Release|Any CPU.Build.0 = Release|Any CPU
		{BD633C70-3555-463D-9AE7-88C7B59D155A}.Debug|Any CPU.ActiveCfg = Debug|Any CPU
		{BD633C70-3555-463D-9AE7-88C7B59D155A}.Debug|Any CPU.Build.0 = Debug|Any CPU
		{BD633C70-3555-463D-9AE7-88C7B59D155A}.Release|Any CPU.ActiveCfg = Release|Any CPU
		{BD633C70-3555-463D-9AE7-88C7B59D155A}.Release|Any CPU.Build.0 = Release|Any CPU
		{CBE97B71-2480-40D1-B67C-63E25A7FDABA}.Debug|Any CPU.ActiveCfg = Debug|Any CPU
		{CBE97B71-2480-40D1-B67C-63E25A7FDABA}.Debug|Any CPU.Build.0 = Debug|Any CPU
		{CBE97B71-2480-40D1-B67C-63E25A7FDABA}.Release|Any CPU.ActiveCfg = Release|Any CPU
		{CBE97B71-2480-40D1-B67C-63E25A7FDABA}.Release|Any CPU.Build.0 = Release|Any CPU
		{3C57DE76-5EBA-49D0-B82C-AC2E11C03821}.Debug|Any CPU.ActiveCfg = Debug|Any CPU
		{3C57DE76-5EBA-49D0-B82C-AC2E11C03821}.Debug|Any CPU.Build.0 = Debug|Any CPU
		{3C57DE76-5EBA-49D0-B82C-AC2E11C03821}.Release|Any CPU.ActiveCfg = Release|Any CPU
		{3C57DE76-5EBA-49D0-B82C-AC2E11C03821}.Release|Any CPU.Build.0 = Release|Any CPU
		{3B5BED98-862F-47AA-B3C7-F3B8879A3D07}.Debug|Any CPU.ActiveCfg = Debug|Any CPU
		{3B5BED98-862F-47AA-B3C7-F3B8879A3D07}.Debug|Any CPU.Build.0 = Debug|Any CPU
		{3B5BED98-862F-47AA-B3C7-F3B8879A3D07}.Release|Any CPU.ActiveCfg = Release|Any CPU
		{3B5BED98-862F-47AA-B3C7-F3B8879A3D07}.Release|Any CPU.Build.0 = Release|Any CPU
		{6A36D565-8A5F-41FA-8245-4A49DFC23278}.Debug|Any CPU.ActiveCfg = Debug|Any CPU
		{6A36D565-8A5F-41FA-8245-4A49DFC23278}.Debug|Any CPU.Build.0 = Debug|Any CPU
		{6A36D565-8A5F-41FA-8245-4A49DFC23278}.Release|Any CPU.ActiveCfg = Release|Any CPU
		{6A36D565-8A5F-41FA-8245-4A49DFC23278}.Release|Any CPU.Build.0 = Release|Any CPU
		{7190CC4F-BE3D-478B-9F1C-8F0F7666BFF6}.Debug|Any CPU.ActiveCfg = Debug|Any CPU
		{7190CC4F-BE3D-478B-9F1C-8F0F7666BFF6}.Debug|Any CPU.Build.0 = Debug|Any CPU
		{7190CC4F-BE3D-478B-9F1C-8F0F7666BFF6}.Release|Any CPU.ActiveCfg = Release|Any CPU
		{7190CC4F-BE3D-478B-9F1C-8F0F7666BFF6}.Release|Any CPU.Build.0 = Release|Any CPU
		{AF99FE75-25B5-4870-978D-FB46B77684B2}.Debug|Any CPU.ActiveCfg = Debug|Any CPU
		{AF99FE75-25B5-4870-978D-FB46B77684B2}.Debug|Any CPU.Build.0 = Debug|Any CPU
		{AF99FE75-25B5-4870-978D-FB46B77684B2}.Release|Any CPU.ActiveCfg = Release|Any CPU
		{AF99FE75-25B5-4870-978D-FB46B77684B2}.Release|Any CPU.Build.0 = Release|Any CPU
		{91FFB6F3-B8CF-4E15-ADE7-28F76D98BB60}.Debug|Any CPU.ActiveCfg = Debug|Any CPU
		{91FFB6F3-B8CF-4E15-ADE7-28F76D98BB60}.Debug|Any CPU.Build.0 = Debug|Any CPU
		{91FFB6F3-B8CF-4E15-ADE7-28F76D98BB60}.Release|Any CPU.ActiveCfg = Release|Any CPU
		{91FFB6F3-B8CF-4E15-ADE7-28F76D98BB60}.Release|Any CPU.Build.0 = Release|Any CPU
		{C908081E-98FE-4A9C-80F0-248827523985}.Debug|Any CPU.ActiveCfg = Debug|Any CPU
		{C908081E-98FE-4A9C-80F0-248827523985}.Debug|Any CPU.Build.0 = Debug|Any CPU
		{C908081E-98FE-4A9C-80F0-248827523985}.Release|Any CPU.ActiveCfg = Release|Any CPU
		{C908081E-98FE-4A9C-80F0-248827523985}.Release|Any CPU.Build.0 = Release|Any CPU
		{C37E5A1E-64EF-463E-B903-09AF6C049D62}.Debug|Any CPU.ActiveCfg = Debug|Any CPU
		{C37E5A1E-64EF-463E-B903-09AF6C049D62}.Debug|Any CPU.Build.0 = Debug|Any CPU
		{C37E5A1E-64EF-463E-B903-09AF6C049D62}.Release|Any CPU.ActiveCfg = Release|Any CPU
		{C37E5A1E-64EF-463E-B903-09AF6C049D62}.Release|Any CPU.Build.0 = Release|Any CPU
		{FC6988CF-0722-470D-B3B6-2D0FC861A2A6}.Debug|Any CPU.ActiveCfg = Debug|Any CPU
		{FC6988CF-0722-470D-B3B6-2D0FC861A2A6}.Debug|Any CPU.Build.0 = Debug|Any CPU
		{FC6988CF-0722-470D-B3B6-2D0FC861A2A6}.Release|Any CPU.ActiveCfg = Release|Any CPU
		{FC6988CF-0722-470D-B3B6-2D0FC861A2A6}.Release|Any CPU.Build.0 = Release|Any CPU
		{D475F02B-F7E2-467F-9553-E1AE2B0A7BAB}.Debug|Any CPU.ActiveCfg = Debug|Any CPU
		{D475F02B-F7E2-467F-9553-E1AE2B0A7BAB}.Debug|Any CPU.Build.0 = Debug|Any CPU
		{D475F02B-F7E2-467F-9553-E1AE2B0A7BAB}.Release|Any CPU.ActiveCfg = Release|Any CPU
		{D475F02B-F7E2-467F-9553-E1AE2B0A7BAB}.Release|Any CPU.Build.0 = Release|Any CPU
		{09E79805-E450-4D79-96D0-F9E426C6652E}.Debug|Any CPU.ActiveCfg = Debug|Any CPU
		{09E79805-E450-4D79-96D0-F9E426C6652E}.Debug|Any CPU.Build.0 = Debug|Any CPU
		{09E79805-E450-4D79-96D0-F9E426C6652E}.Release|Any CPU.ActiveCfg = Release|Any CPU
		{09E79805-E450-4D79-96D0-F9E426C6652E}.Release|Any CPU.Build.0 = Release|Any CPU
		{60476839-64B9-45BA-8B08-48E49371AC28}.Debug|Any CPU.ActiveCfg = Debug|Any CPU
		{60476839-64B9-45BA-8B08-48E49371AC28}.Debug|Any CPU.Build.0 = Debug|Any CPU
		{60476839-64B9-45BA-8B08-48E49371AC28}.Release|Any CPU.ActiveCfg = Release|Any CPU
		{60476839-64B9-45BA-8B08-48E49371AC28}.Release|Any CPU.Build.0 = Release|Any CPU
		{4E1031A7-7044-40CB-B258-09A6EEDC6188}.Debug|Any CPU.ActiveCfg = Debug|Any CPU
		{4E1031A7-7044-40CB-B258-09A6EEDC6188}.Debug|Any CPU.Build.0 = Debug|Any CPU
		{4E1031A7-7044-40CB-B258-09A6EEDC6188}.Release|Any CPU.ActiveCfg = Release|Any CPU
		{4E1031A7-7044-40CB-B258-09A6EEDC6188}.Release|Any CPU.Build.0 = Release|Any CPU
		{13E25A43-85AE-4461-BCE5-D4864E881E02}.Debug|Any CPU.ActiveCfg = Debug|Any CPU
		{13E25A43-85AE-4461-BCE5-D4864E881E02}.Debug|Any CPU.Build.0 = Debug|Any CPU
		{13E25A43-85AE-4461-BCE5-D4864E881E02}.Release|Any CPU.ActiveCfg = Release|Any CPU
		{13E25A43-85AE-4461-BCE5-D4864E881E02}.Release|Any CPU.Build.0 = Release|Any CPU
		{EF4753F0-068F-4F2B-A734-093D8ACA2D06}.Debug|Any CPU.ActiveCfg = Debug|Any CPU
		{EF4753F0-068F-4F2B-A734-093D8ACA2D06}.Debug|Any CPU.Build.0 = Debug|Any CPU
		{EF4753F0-068F-4F2B-A734-093D8ACA2D06}.Release|Any CPU.ActiveCfg = Release|Any CPU
		{EF4753F0-068F-4F2B-A734-093D8ACA2D06}.Release|Any CPU.Build.0 = Release|Any CPU
		{A3C11864-E1E9-41A5-A5DC-B87AF0076C7D}.Debug|Any CPU.ActiveCfg = Debug|Any CPU
		{A3C11864-E1E9-41A5-A5DC-B87AF0076C7D}.Debug|Any CPU.Build.0 = Debug|Any CPU
		{A3C11864-E1E9-41A5-A5DC-B87AF0076C7D}.Release|Any CPU.ActiveCfg = Release|Any CPU
		{A3C11864-E1E9-41A5-A5DC-B87AF0076C7D}.Release|Any CPU.Build.0 = Release|Any CPU
		{E8F114A4-6EE9-49AE-9129-C5D7579EB5E9}.Debug|Any CPU.ActiveCfg = Debug|Any CPU
		{E8F114A4-6EE9-49AE-9129-C5D7579EB5E9}.Debug|Any CPU.Build.0 = Debug|Any CPU
		{E8F114A4-6EE9-49AE-9129-C5D7579EB5E9}.Release|Any CPU.ActiveCfg = Release|Any CPU
		{E8F114A4-6EE9-49AE-9129-C5D7579EB5E9}.Release|Any CPU.Build.0 = Release|Any CPU
		{B2264E1E-916E-43CF-9880-7FBC48493EE4}.Debug|Any CPU.ActiveCfg = Debug|Any CPU
		{B2264E1E-916E-43CF-9880-7FBC48493EE4}.Debug|Any CPU.Build.0 = Debug|Any CPU
		{B2264E1E-916E-43CF-9880-7FBC48493EE4}.Release|Any CPU.ActiveCfg = Release|Any CPU
		{B2264E1E-916E-43CF-9880-7FBC48493EE4}.Release|Any CPU.Build.0 = Release|Any CPU
		{0EC13705-827C-45C4-9226-0D02404F1E01}.Debug|Any CPU.ActiveCfg = Debug|Any CPU
		{0EC13705-827C-45C4-9226-0D02404F1E01}.Debug|Any CPU.Build.0 = Debug|Any CPU
		{0EC13705-827C-45C4-9226-0D02404F1E01}.Release|Any CPU.ActiveCfg = Release|Any CPU
		{0EC13705-827C-45C4-9226-0D02404F1E01}.Release|Any CPU.Build.0 = Release|Any CPU
		{CEE39CAF-92E4-49F7-B024-74B3589340AC}.Debug|Any CPU.ActiveCfg = Debug|Any CPU
		{CEE39CAF-92E4-49F7-B024-74B3589340AC}.Debug|Any CPU.Build.0 = Debug|Any CPU
		{CEE39CAF-92E4-49F7-B024-74B3589340AC}.Release|Any CPU.ActiveCfg = Release|Any CPU
		{CEE39CAF-92E4-49F7-B024-74B3589340AC}.Release|Any CPU.Build.0 = Release|Any CPU
		{BAAC4C8E-F013-46B8-886C-06283B8F8005}.Debug|Any CPU.ActiveCfg = Debug|Any CPU
		{BAAC4C8E-F013-46B8-886C-06283B8F8005}.Debug|Any CPU.Build.0 = Debug|Any CPU
		{BAAC4C8E-F013-46B8-886C-06283B8F8005}.Release|Any CPU.ActiveCfg = Release|Any CPU
		{BAAC4C8E-F013-46B8-886C-06283B8F8005}.Release|Any CPU.Build.0 = Release|Any CPU
		{97DA7DAF-1DF6-40B4-B5A9-4157FD46A9A6}.Debug|Any CPU.ActiveCfg = Debug|Any CPU
		{97DA7DAF-1DF6-40B4-B5A9-4157FD46A9A6}.Debug|Any CPU.Build.0 = Debug|Any CPU
		{97DA7DAF-1DF6-40B4-B5A9-4157FD46A9A6}.Release|Any CPU.ActiveCfg = Release|Any CPU
		{97DA7DAF-1DF6-40B4-B5A9-4157FD46A9A6}.Release|Any CPU.Build.0 = Release|Any CPU
		{89581F96-1F3A-4C98-90A0-3A0A97A1A028}.Debug|Any CPU.ActiveCfg = Debug|Any CPU
		{89581F96-1F3A-4C98-90A0-3A0A97A1A028}.Debug|Any CPU.Build.0 = Debug|Any CPU
		{89581F96-1F3A-4C98-90A0-3A0A97A1A028}.Release|Any CPU.ActiveCfg = Release|Any CPU
		{89581F96-1F3A-4C98-90A0-3A0A97A1A028}.Release|Any CPU.Build.0 = Release|Any CPU
		{49494F6F-055D-4BBE-954B-EC5AC79AF8F9}.Debug|Any CPU.ActiveCfg = Debug|Any CPU
		{49494F6F-055D-4BBE-954B-EC5AC79AF8F9}.Debug|Any CPU.Build.0 = Debug|Any CPU
		{49494F6F-055D-4BBE-954B-EC5AC79AF8F9}.Release|Any CPU.ActiveCfg = Release|Any CPU
		{49494F6F-055D-4BBE-954B-EC5AC79AF8F9}.Release|Any CPU.Build.0 = Release|Any CPU
		{90F72FE9-6B38-4A69-BF1E-9152FF62AA40}.Debug|Any CPU.ActiveCfg = Debug|Any CPU
		{90F72FE9-6B38-4A69-BF1E-9152FF62AA40}.Debug|Any CPU.Build.0 = Debug|Any CPU
		{90F72FE9-6B38-4A69-BF1E-9152FF62AA40}.Release|Any CPU.ActiveCfg = Release|Any CPU
		{90F72FE9-6B38-4A69-BF1E-9152FF62AA40}.Release|Any CPU.Build.0 = Release|Any CPU
	EndGlobalSection
	GlobalSection(SolutionProperties) = preSolution
		HideSolutionNode = FALSE
	EndGlobalSection
	GlobalSection(ExtensibilityGlobals) = postSolution
		SolutionGuid = {E938020F-A538-4E4C-B114-0E87B21DF29D}
	EndGlobalSection
EndGlobal
